
Microsoft Visual Studio Solution File, Format Version 12.00
# Visual Studio Version 16
VisualStudioVersion = 16.0.30717.126
MinimumVisualStudioVersion = 10.0.40219.1
Project("{9A19103F-16F7-4668-BE54-9A1E7A4F7556}") = "Motiv", "Motiv\Motiv.csproj", "{672062BD-EFFF-4B80-A207-23CCDD824FEF}"
EndProject
Project("{9A19103F-16F7-4668-BE54-9A1E7A4F7556}") = "Motiv.Core", "Motiv.Core\Motiv.Core.csproj", "{B694DE01-DAEA-4982-B891-17E94CB1DAFB}"
EndProject
Project("{FAE04EC0-301F-11D3-BF4B-00C04F79EFBC}") = "Motiv.Infrastructure", "Motiv.Infrastructure\Motiv.Infrastructure.csproj", "{25F7A249-B4FA-43A1-8EAD-D00AB7A73A6A}"
EndProject
Project("{FAE04EC0-301F-11D3-BF4B-00C04F79EFBC}") = "Motiv.Application", "Motiv.Application\Motiv.Application.csproj", "{88A461A8-A9E7-4695-BA01-B069A4D65864}"
EndProject
Global
	GlobalSection(SolutionConfigurationPlatforms) = preSolution
		Debug|Any CPU = Debug|Any CPU
		Release|Any CPU = Release|Any CPU
	EndGlobalSection
	GlobalSection(ProjectConfigurationPlatforms) = postSolution
		{672062BD-EFFF-4B80-A207-23CCDD824FEF}.Debug|Any CPU.ActiveCfg = Debug|Any CPU
		{672062BD-EFFF-4B80-A207-23CCDD824FEF}.Debug|Any CPU.Build.0 = Debug|Any CPU
		{672062BD-EFFF-4B80-A207-23CCDD824FEF}.Release|Any CPU.ActiveCfg = Release|Any CPU
		{672062BD-EFFF-4B80-A207-23CCDD824FEF}.Release|Any CPU.Build.0 = Release|Any CPU
		{B694DE01-DAEA-4982-B891-17E94CB1DAFB}.Debug|Any CPU.ActiveCfg = Debug|Any CPU
		{B694DE01-DAEA-4982-B891-17E94CB1DAFB}.Debug|Any CPU.Build.0 = Debug|Any CPU
		{B694DE01-DAEA-4982-B891-17E94CB1DAFB}.Release|Any CPU.ActiveCfg = Release|Any CPU
		{B694DE01-DAEA-4982-B891-17E94CB1DAFB}.Release|Any CPU.Build.0 = Release|Any CPU
		{25F7A249-B4FA-43A1-8EAD-D00AB7A73A6A}.Debug|Any CPU.ActiveCfg = Debug|Any CPU
		{25F7A249-B4FA-43A1-8EAD-D00AB7A73A6A}.Debug|Any CPU.Build.0 = Debug|Any CPU
		{25F7A249-B4FA-43A1-8EAD-D00AB7A73A6A}.Release|Any CPU.ActiveCfg = Release|Any CPU
		{25F7A249-B4FA-43A1-8EAD-D00AB7A73A6A}.Release|Any CPU.Build.0 = Release|Any CPU
		{88A461A8-A9E7-4695-BA01-B069A4D65864}.Debug|Any CPU.ActiveCfg = Debug|Any CPU
		{88A461A8-A9E7-4695-BA01-B069A4D65864}.Debug|Any CPU.Build.0 = Debug|Any CPU
		{88A461A8-A9E7-4695-BA01-B069A4D65864}.Release|Any CPU.ActiveCfg = Release|Any CPU
		{88A461A8-A9E7-4695-BA01-B069A4D65864}.Release|Any CPU.Build.0 = Release|Any CPU
	EndGlobalSection
	GlobalSection(SolutionProperties) = preSolution
		HideSolutionNode = FALSE
	EndGlobalSection
	GlobalSection(ExtensibilityGlobals) = postSolution
		SolutionGuid = {91DDDA5D-9676-4728-A16C-2004FDCF2892}
	EndGlobalSection
EndGlobal
